
Microsoft Visual Studio Solution File, Format Version 12.00
# Visual Studio Version 17
VisualStudioVersion = 17.1.32210.238
MinimumVisualStudioVersion = 10.0.40219.1
Project("{9A19103F-16F7-4668-BE54-9A1E7A4F7556}") = "algorithms", "algorithms\algorithms.csproj", "{3E4A8F1E-FD8E-4C2F-93F6-F8A123302F32}"
EndProject
Project("{FAE04EC0-301F-11D3-BF4B-00C04F79EFBC}") = "Benchmark", "Benchmark\Benchmark.csproj", "{B224C8F7-C3B6-4E37-8FF6-3F4F733466AF}"
EndProject
Global
	GlobalSection(SolutionConfigurationPlatforms) = preSolution
		Debug|Any CPU = Debug|Any CPU
		Release|Any CPU = Release|Any CPU
	EndGlobalSection
	GlobalSection(ProjectConfigurationPlatforms) = postSolution
		{3E4A8F1E-FD8E-4C2F-93F6-F8A123302F32}.Debug|Any CPU.ActiveCfg = Debug|Any CPU
		{3E4A8F1E-FD8E-4C2F-93F6-F8A123302F32}.Debug|Any CPU.Build.0 = Debug|Any CPU
		{3E4A8F1E-FD8E-4C2F-93F6-F8A123302F32}.Release|Any CPU.ActiveCfg = Release|Any CPU
		{3E4A8F1E-FD8E-4C2F-93F6-F8A123302F32}.Release|Any CPU.Build.0 = Release|Any CPU
		{B224C8F7-C3B6-4E37-8FF6-3F4F733466AF}.Debug|Any CPU.ActiveCfg = Debug|Any CPU
		{B224C8F7-C3B6-4E37-8FF6-3F4F733466AF}.Debug|Any CPU.Build.0 = Debug|Any CPU
		{B224C8F7-C3B6-4E37-8FF6-3F4F733466AF}.Release|Any CPU.ActiveCfg = Release|Any CPU
		{B224C8F7-C3B6-4E37-8FF6-3F4F733466AF}.Release|Any CPU.Build.0 = Release|Any CPU
	EndGlobalSection
	GlobalSection(SolutionProperties) = preSolution
		HideSolutionNode = FALSE
	EndGlobalSection
	GlobalSection(ExtensibilityGlobals) = postSolution
		SolutionGuid = {2CB29FB3-53A3-4298-B758-942B9B46F9D5}
	EndGlobalSection
EndGlobal
